
Microsoft Visual Studio Solution File, Format Version 12.00
# Visual Studio Version 17
VisualStudioVersion = 17.13.35828.75
MinimumVisualStudioVersion = 10.0.40219.1
Project("{2150E333-8FDC-42A3-9474-1A3956D46DE8}") = "Gumknix", "Gumknix", "{77A38F7E-1455-48FC-9722-167CDF527B0F}"
EndProject
Project("{D954291E-2A0B-460D-934E-DC6B0785DB48}") = "Gumknix.Shared", "Gumknix\Gumknix.Shared\Gumknix.Shared.shproj", "{2089673C-6162-4F99-A2CF-964A16C002B1}"
EndProject
Project("{FAE04EC0-301F-11D3-BF4B-00C04F79EFBC}") = "Gumknix.BlazorGL", "Gumknix\Gumknix.BlazorGL\Gumknix.BlazorGL.csproj", "{193F34C6-5A9E-4756-999D-A44D57971140}"
EndProject
Project("{2150E333-8FDC-42A3-9474-1A3956D46DE8}") = "Submodules", "Submodules", "{02EA681E-C7D8-13C7-8484-4AC65E1B71E8}"
EndProject
Project("{FAE04EC0-301F-11D3-BF4B-00C04F79EFBC}") = "GumCommon", "Submodules\GumSB\GumCommon\GumCommon.csproj", "{F192F443-5F40-38EB-6130-EB056B8254B8}"
EndProject
Project("{FAE04EC0-301F-11D3-BF4B-00C04F79EFBC}") = "GumDataTypesNet6", "Submodules\GumSB\GumDataTypes\GumDataTypesNet6.csproj", "{D74F9515-DE10-6C1D-9078-34DF7BF689A9}"
EndProject
Project("{FAE04EC0-301F-11D3-BF4B-00C04F79EFBC}") = "KniGum", "Submodules\GumSB\MonoGameGum\KniGum\KniGum.csproj", "{7DEEA5FE-B7B6-FA8D-A5A5-7231352BACEF}"
EndProject
Project("{FAE04EC0-301F-11D3-BF4B-00C04F79EFBC}") = "ToolsUtilitiesStandard", "Submodules\GumSB\ToolsUtilities\ToolsUtilitiesStandard.csproj", "{E32A5403-54D4-3D08-5416-9D4F931D5CFD}"
EndProject
Project("{2150E333-8FDC-42A3-9474-1A3956D46DE8}") = "Gum", "Gum", "{1F037789-F47A-44D2-94B7-7BD06AB924C3}"
EndProject
Project("{2150E333-8FDC-42A3-9474-1A3956D46DE8}") = "KNI", "KNI", "{931686D9-D17E-429B-A796-4F5B3DB4A8CC}"
EndProject
Project("{2150E333-8FDC-42A3-9474-1A3956D46DE8}") = "Wasm", "Wasm", "{3DD09DD1-E4CB-4D3D-B323-37311B35BF71}"
EndProject
Project("{FAE04EC0-301F-11D3-BF4B-00C04F79EFBC}") = "Xna.Framework", "Submodules\GumSB\Submodules\KniSB\src\Xna.Framework\Xna.Framework.csproj", "{741B4B1E-89E4-434C-8867-6129838AFD51}"
EndProject
Project("{FAE04EC0-301F-11D3-BF4B-00C04F79EFBC}") = "Xna.Framework.Audio", "Submodules\GumSB\Submodules\KniSB\src\Xna.Framework.Audio\Xna.Framework.Audio.csproj", "{3F81F76D-F0F3-44FE-A256-40AF153C33F7}"
EndProject
Project("{FAE04EC0-301F-11D3-BF4B-00C04F79EFBC}") = "Xna.Framework.Content", "Submodules\GumSB\Submodules\KniSB\src\Xna.Framework.Content\Xna.Framework.Content.csproj", "{1DC4C439-A8A6-4A11-AB3B-A88DCBA05449}"
EndProject
Project("{FAE04EC0-301F-11D3-BF4B-00C04F79EFBC}") = "Xna.Framework.Devices", "Submodules\GumSB\Submodules\KniSB\src\Xna.Framework.Devices\Xna.Framework.Devices.csproj", "{6B3E56F7-C567-463C-9746-0244FD959322}"
EndProject
Project("{FAE04EC0-301F-11D3-BF4B-00C04F79EFBC}") = "Xna.Framework.Game", "Submodules\GumSB\Submodules\KniSB\src\Xna.Framework.Game\Xna.Framework.Game.csproj", "{90BBD6EF-F386-4F47-88CD-BF386C7D1705}"
EndProject
Project("{FAE04EC0-301F-11D3-BF4B-00C04F79EFBC}") = "Xna.Framework.Graphics", "Submodules\GumSB\Submodules\KniSB\src\Xna.Framework.Graphics\Xna.Framework.Graphics.csproj", "{4B8D3F73-BBD2-4057-B86B-8B73B957DC0F}"
EndProject
Project("{FAE04EC0-301F-11D3-BF4B-00C04F79EFBC}") = "Xna.Framework.Input", "Submodules\GumSB\Submodules\KniSB\src\Xna.Framework.Input\Xna.Framework.Input.csproj", "{8FB8B257-C091-4C41-B221-75C37B68CD8F}"
EndProject
Project("{FAE04EC0-301F-11D3-BF4B-00C04F79EFBC}") = "XNA.Framework.Media", "Submodules\GumSB\Submodules\KniSB\src\Xna.Framework.Media\XNA.Framework.Media.csproj", "{6E0E6284-13FF-4DC7-8FC2-B6D756EAF1FD}"
EndProject
Project("{FAE04EC0-301F-11D3-BF4B-00C04F79EFBC}") = "Xna.Framework.Storage", "Submodules\GumSB\Submodules\KniSB\src\Xna.Framework.Storage\Xna.Framework.Storage.csproj", "{7AE82BAB-5F52-427A-8F6F-DA829261FF9C}"
EndProject
Project("{FAE04EC0-301F-11D3-BF4B-00C04F79EFBC}") = "Xna.Framework.XR", "Submodules\GumSB\Submodules\KniSB\src\Xna.Framework.XR\Xna.Framework.XR.csproj", "{6D0D985D-B256-4208-9E78-77897D461698}"
EndProject
Project("{FAE04EC0-301F-11D3-BF4B-00C04F79EFBC}") = "Kni.Platform.Blazor.GL", "Submodules\GumSB\Submodules\KniSB\Platforms\Kni.Platform.Blazor.GL.csproj", "{03189140-BB10-937F-DF82-DCA8E63033E6}"
EndProject
Project("{FAE04EC0-301F-11D3-BF4B-00C04F79EFBC}") = "Wasm.JSInterop", "Submodules\GumSB\Submodules\KniSB\Submodules\WasmSB\Wasm.JSInterop\Wasm.JSInterop.csproj", "{778D1423-830B-428A-365D-CEF69620FD0E}"
EndProject
Project("{FAE04EC0-301F-11D3-BF4B-00C04F79EFBC}") = "Wasm.Audio", "Submodules\GumSB\Submodules\KniSB\Submodules\WasmSB\Wasm.Audio\Wasm.Audio.csproj", "{BED45F4D-22FA-49BF-4834-A7D943893337}"
EndProject
Project("{FAE04EC0-301F-11D3-BF4B-00C04F79EFBC}") = "Wasm.Canvas", "Submodules\GumSB\Submodules\KniSB\Submodules\WasmSB\Wasm.Canvas\Wasm.Canvas.csproj", "{C90F54A6-D416-5A61-97A1-21D49999C094}"
EndProject
Project("{FAE04EC0-301F-11D3-BF4B-00C04F79EFBC}") = "Wasm.Clipboard", "Submodules\GumSB\Submodules\KniSB\Submodules\WasmSB\Wasm.Clipboard\Wasm.Clipboard.csproj", "{05261165-F414-AC1E-00C5-BDFF922BC9B4}"
EndProject
Project("{FAE04EC0-301F-11D3-BF4B-00C04F79EFBC}") = "Wasm.XHR", "Submodules\GumSB\Submodules\KniSB\Submodules\WasmSB\Wasm.XHR\Wasm.XHR.csproj", "{68E09EA8-917C-65D5-C675-2C575F419C7B}"
EndProject
Project("{FAE04EC0-301F-11D3-BF4B-00C04F79EFBC}") = "Wasm.XR", "Submodules\GumSB\Submodules\KniSB\Submodules\WasmSB\Wasm.XR\Wasm.XR.csproj", "{EC2B0466-F4E7-1FC7-12A9-7ED330EB68DE}"
EndProject
Project("{FAE04EC0-301F-11D3-BF4B-00C04F79EFBC}") = "Wasm.Dom", "Submodules\GumSB\Submodules\KniSB\Submodules\WasmSB\Wasm.Dom\Wasm.Dom.csproj", "{CB0BDDCE-6B18-61EF-C74A-4AFB6ED41E29}"
EndProject
Project("{FAE04EC0-301F-11D3-BF4B-00C04F79EFBC}") = "Wasm.File", "Submodules\GumSB\Submodules\KniSB\Submodules\WasmSB\Wasm.File\Wasm.File.csproj", "{52E91316-6F16-E921-119E-8695EC4F1A35}"
EndProject
Global
	GlobalSection(SolutionConfigurationPlatforms) = preSolution
		Debug|Any CPU = Debug|Any CPU
		Release|Any CPU = Release|Any CPU
	EndGlobalSection
	GlobalSection(ProjectConfigurationPlatforms) = postSolution
		{193F34C6-5A9E-4756-999D-A44D57971140}.Debug|Any CPU.ActiveCfg = Debug|Any CPU
		{193F34C6-5A9E-4756-999D-A44D57971140}.Debug|Any CPU.Build.0 = Debug|Any CPU
		{193F34C6-5A9E-4756-999D-A44D57971140}.Release|Any CPU.ActiveCfg = Release|Any CPU
		{193F34C6-5A9E-4756-999D-A44D57971140}.Release|Any CPU.Build.0 = Release|Any CPU
		{F192F443-5F40-38EB-6130-EB056B8254B8}.Debug|Any CPU.ActiveCfg = Debug|Any CPU
		{F192F443-5F40-38EB-6130-EB056B8254B8}.Debug|Any CPU.Build.0 = Debug|Any CPU
		{F192F443-5F40-38EB-6130-EB056B8254B8}.Release|Any CPU.ActiveCfg = Release|Any CPU
		{F192F443-5F40-38EB-6130-EB056B8254B8}.Release|Any CPU.Build.0 = Release|Any CPU
		{D74F9515-DE10-6C1D-9078-34DF7BF689A9}.Debug|Any CPU.ActiveCfg = Debug|Any CPU
		{D74F9515-DE10-6C1D-9078-34DF7BF689A9}.Debug|Any CPU.Build.0 = Debug|Any CPU
		{D74F9515-DE10-6C1D-9078-34DF7BF689A9}.Release|Any CPU.ActiveCfg = Release|Any CPU
		{D74F9515-DE10-6C1D-9078-34DF7BF689A9}.Release|Any CPU.Build.0 = Release|Any CPU
		{7DEEA5FE-B7B6-FA8D-A5A5-7231352BACEF}.Debug|Any CPU.ActiveCfg = Debug|Any CPU
		{7DEEA5FE-B7B6-FA8D-A5A5-7231352BACEF}.Debug|Any CPU.Build.0 = Debug|Any CPU
		{7DEEA5FE-B7B6-FA8D-A5A5-7231352BACEF}.Release|Any CPU.ActiveCfg = Release|Any CPU
		{7DEEA5FE-B7B6-FA8D-A5A5-7231352BACEF}.Release|Any CPU.Build.0 = Release|Any CPU
		{E32A5403-54D4-3D08-5416-9D4F931D5CFD}.Debug|Any CPU.ActiveCfg = Debug|Any CPU
		{E32A5403-54D4-3D08-5416-9D4F931D5CFD}.Debug|Any CPU.Build.0 = Debug|Any CPU
		{E32A5403-54D4-3D08-5416-9D4F931D5CFD}.Release|Any CPU.ActiveCfg = Release|Any CPU
		{E32A5403-54D4-3D08-5416-9D4F931D5CFD}.Release|Any CPU.Build.0 = Release|Any CPU
		{741B4B1E-89E4-434C-8867-6129838AFD51}.Debug|Any CPU.ActiveCfg = Debug|Any CPU
		{741B4B1E-89E4-434C-8867-6129838AFD51}.Debug|Any CPU.Build.0 = Debug|Any CPU
		{741B4B1E-89E4-434C-8867-6129838AFD51}.Release|Any CPU.ActiveCfg = Release|Any CPU
		{741B4B1E-89E4-434C-8867-6129838AFD51}.Release|Any CPU.Build.0 = Release|Any CPU
		{3F81F76D-F0F3-44FE-A256-40AF153C33F7}.Debug|Any CPU.ActiveCfg = Debug|Any CPU
		{3F81F76D-F0F3-44FE-A256-40AF153C33F7}.Debug|Any CPU.Build.0 = Debug|Any CPU
		{3F81F76D-F0F3-44FE-A256-40AF153C33F7}.Release|Any CPU.ActiveCfg = Release|Any CPU
		{3F81F76D-F0F3-44FE-A256-40AF153C33F7}.Release|Any CPU.Build.0 = Release|Any CPU
		{1DC4C439-A8A6-4A11-AB3B-A88DCBA05449}.Debug|Any CPU.ActiveCfg = Debug|Any CPU
		{1DC4C439-A8A6-4A11-AB3B-A88DCBA05449}.Debug|Any CPU.Build.0 = Debug|Any CPU
		{1DC4C439-A8A6-4A11-AB3B-A88DCBA05449}.Release|Any CPU.ActiveCfg = Release|Any CPU
		{1DC4C439-A8A6-4A11-AB3B-A88DCBA05449}.Release|Any CPU.Build.0 = Release|Any CPU
		{6B3E56F7-C567-463C-9746-0244FD959322}.Debug|Any CPU.ActiveCfg = Debug|Any CPU
		{6B3E56F7-C567-463C-9746-0244FD959322}.Debug|Any CPU.Build.0 = Debug|Any CPU
		{6B3E56F7-C567-463C-9746-0244FD959322}.Release|Any CPU.ActiveCfg = Release|Any CPU
		{6B3E56F7-C567-463C-9746-0244FD959322}.Release|Any CPU.Build.0 = Release|Any CPU
		{90BBD6EF-F386-4F47-88CD-BF386C7D1705}.Debug|Any CPU.ActiveCfg = Debug|Any CPU
		{90BBD6EF-F386-4F47-88CD-BF386C7D1705}.Debug|Any CPU.Build.0 = Debug|Any CPU
		{90BBD6EF-F386-4F47-88CD-BF386C7D1705}.Release|Any CPU.ActiveCfg = Release|Any CPU
		{90BBD6EF-F386-4F47-88CD-BF386C7D1705}.Release|Any CPU.Build.0 = Release|Any CPU
		{4B8D3F73-BBD2-4057-B86B-8B73B957DC0F}.Debug|Any CPU.ActiveCfg = Debug|Any CPU
		{4B8D3F73-BBD2-4057-B86B-8B73B957DC0F}.Debug|Any CPU.Build.0 = Debug|Any CPU
		{4B8D3F73-BBD2-4057-B86B-8B73B957DC0F}.Release|Any CPU.ActiveCfg = Release|Any CPU
		{4B8D3F73-BBD2-4057-B86B-8B73B957DC0F}.Release|Any CPU.Build.0 = Release|Any CPU
		{8FB8B257-C091-4C41-B221-75C37B68CD8F}.Debug|Any CPU.ActiveCfg = Debug|Any CPU
		{8FB8B257-C091-4C41-B221-75C37B68CD8F}.Debug|Any CPU.Build.0 = Debug|Any CPU
		{8FB8B257-C091-4C41-B221-75C37B68CD8F}.Release|Any CPU.ActiveCfg = Release|Any CPU
		{8FB8B257-C091-4C41-B221-75C37B68CD8F}.Release|Any CPU.Build.0 = Release|Any CPU
		{6E0E6284-13FF-4DC7-8FC2-B6D756EAF1FD}.Debug|Any CPU.ActiveCfg = Debug|Any CPU
		{6E0E6284-13FF-4DC7-8FC2-B6D756EAF1FD}.Debug|Any CPU.Build.0 = Debug|Any CPU
		{6E0E6284-13FF-4DC7-8FC2-B6D756EAF1FD}.Release|Any CPU.ActiveCfg = Release|Any CPU
		{6E0E6284-13FF-4DC7-8FC2-B6D756EAF1FD}.Release|Any CPU.Build.0 = Release|Any CPU
		{7AE82BAB-5F52-427A-8F6F-DA829261FF9C}.Debug|Any CPU.ActiveCfg = Debug|Any CPU
		{7AE82BAB-5F52-427A-8F6F-DA829261FF9C}.Debug|Any CPU.Build.0 = Debug|Any CPU
		{7AE82BAB-5F52-427A-8F6F-DA829261FF9C}.Release|Any CPU.ActiveCfg = Release|Any CPU
		{7AE82BAB-5F52-427A-8F6F-DA829261FF9C}.Release|Any CPU.Build.0 = Release|Any CPU
		{6D0D985D-B256-4208-9E78-77897D461698}.Debug|Any CPU.ActiveCfg = Debug|Any CPU
		{6D0D985D-B256-4208-9E78-77897D461698}.Debug|Any CPU.Build.0 = Debug|Any CPU
		{6D0D985D-B256-4208-9E78-77897D461698}.Release|Any CPU.ActiveCfg = Release|Any CPU
		{6D0D985D-B256-4208-9E78-77897D461698}.Release|Any CPU.Build.0 = Release|Any CPU
		{03189140-BB10-937F-DF82-DCA8E63033E6}.Debug|Any CPU.ActiveCfg = Debug|Any CPU
		{03189140-BB10-937F-DF82-DCA8E63033E6}.Debug|Any CPU.Build.0 = Debug|Any CPU
		{03189140-BB10-937F-DF82-DCA8E63033E6}.Release|Any CPU.ActiveCfg = Release|Any CPU
		{03189140-BB10-937F-DF82-DCA8E63033E6}.Release|Any CPU.Build.0 = Release|Any CPU
		{778D1423-830B-428A-365D-CEF69620FD0E}.Debug|Any CPU.ActiveCfg = Debug|Any CPU
		{778D1423-830B-428A-365D-CEF69620FD0E}.Debug|Any CPU.Build.0 = Debug|Any CPU
		{778D1423-830B-428A-365D-CEF69620FD0E}.Release|Any CPU.ActiveCfg = Release|Any CPU
		{778D1423-830B-428A-365D-CEF69620FD0E}.Release|Any CPU.Build.0 = Release|Any CPU
		{BED45F4D-22FA-49BF-4834-A7D943893337}.Debug|Any CPU.ActiveCfg = Debug|Any CPU
		{BED45F4D-22FA-49BF-4834-A7D943893337}.Debug|Any CPU.Build.0 = Debug|Any CPU
		{BED45F4D-22FA-49BF-4834-A7D943893337}.Release|Any CPU.ActiveCfg = Release|Any CPU
		{BED45F4D-22FA-49BF-4834-A7D943893337}.Release|Any CPU.Build.0 = Release|Any CPU
		{C90F54A6-D416-5A61-97A1-21D49999C094}.Debug|Any CPU.ActiveCfg = Debug|Any CPU
		{C90F54A6-D416-5A61-97A1-21D49999C094}.Debug|Any CPU.Build.0 = Debug|Any CPU
		{C90F54A6-D416-5A61-97A1-21D49999C094}.Release|Any CPU.ActiveCfg = Release|Any CPU
		{C90F54A6-D416-5A61-97A1-21D49999C094}.Release|Any CPU.Build.0 = Release|Any CPU
		{05261165-F414-AC1E-00C5-BDFF922BC9B4}.Debug|Any CPU.ActiveCfg = Debug|Any CPU
		{05261165-F414-AC1E-00C5-BDFF922BC9B4}.Debug|Any CPU.Build.0 = Debug|Any CPU
		{05261165-F414-AC1E-00C5-BDFF922BC9B4}.Release|Any CPU.ActiveCfg = Release|Any CPU
		{05261165-F414-AC1E-00C5-BDFF922BC9B4}.Release|Any CPU.Build.0 = Release|Any CPU
		{68E09EA8-917C-65D5-C675-2C575F419C7B}.Debug|Any CPU.ActiveCfg = Debug|Any CPU
		{68E09EA8-917C-65D5-C675-2C575F419C7B}.Debug|Any CPU.Build.0 = Debug|Any CPU
		{68E09EA8-917C-65D5-C675-2C575F419C7B}.Release|Any CPU.ActiveCfg = Release|Any CPU
		{68E09EA8-917C-65D5-C675-2C575F419C7B}.Release|Any CPU.Build.0 = Release|Any CPU
		{EC2B0466-F4E7-1FC7-12A9-7ED330EB68DE}.Debug|Any CPU.ActiveCfg = Debug|Any CPU
		{EC2B0466-F4E7-1FC7-12A9-7ED330EB68DE}.Debug|Any CPU.Build.0 = Debug|Any CPU
		{EC2B0466-F4E7-1FC7-12A9-7ED330EB68DE}.Release|Any CPU.ActiveCfg = Release|Any CPU
		{EC2B0466-F4E7-1FC7-12A9-7ED330EB68DE}.Release|Any CPU.Build.0 = Release|Any CPU
		{CB0BDDCE-6B18-61EF-C74A-4AFB6ED41E29}.Debug|Any CPU.ActiveCfg = Debug|Any CPU
		{CB0BDDCE-6B18-61EF-C74A-4AFB6ED41E29}.Debug|Any CPU.Build.0 = Debug|Any CPU
		{CB0BDDCE-6B18-61EF-C74A-4AFB6ED41E29}.Release|Any CPU.ActiveCfg = Release|Any CPU
		{CB0BDDCE-6B18-61EF-C74A-4AFB6ED41E29}.Release|Any CPU.Build.0 = Release|Any CPU
		{52E91316-6F16-E921-119E-8695EC4F1A35}.Debug|Any CPU.ActiveCfg = Debug|Any CPU
		{52E91316-6F16-E921-119E-8695EC4F1A35}.Debug|Any CPU.Build.0 = Debug|Any CPU
		{52E91316-6F16-E921-119E-8695EC4F1A35}.Release|Any CPU.ActiveCfg = Release|Any CPU
		{52E91316-6F16-E921-119E-8695EC4F1A35}.Release|Any CPU.Build.0 = Release|Any CPU
	EndGlobalSection
	GlobalSection(SolutionProperties) = preSolution
		HideSolutionNode = FALSE
	EndGlobalSection
	GlobalSection(NestedProjects) = preSolution
		{2089673C-6162-4F99-A2CF-964A16C002B1} = {77A38F7E-1455-48FC-9722-167CDF527B0F}
		{193F34C6-5A9E-4756-999D-A44D57971140} = {77A38F7E-1455-48FC-9722-167CDF527B0F}
		{F192F443-5F40-38EB-6130-EB056B8254B8} = {1F037789-F47A-44D2-94B7-7BD06AB924C3}
		{D74F9515-DE10-6C1D-9078-34DF7BF689A9} = {1F037789-F47A-44D2-94B7-7BD06AB924C3}
		{7DEEA5FE-B7B6-FA8D-A5A5-7231352BACEF} = {1F037789-F47A-44D2-94B7-7BD06AB924C3}
		{E32A5403-54D4-3D08-5416-9D4F931D5CFD} = {1F037789-F47A-44D2-94B7-7BD06AB924C3}
		{1F037789-F47A-44D2-94B7-7BD06AB924C3} = {02EA681E-C7D8-13C7-8484-4AC65E1B71E8}
		{931686D9-D17E-429B-A796-4F5B3DB4A8CC} = {02EA681E-C7D8-13C7-8484-4AC65E1B71E8}
		{3DD09DD1-E4CB-4D3D-B323-37311B35BF71} = {02EA681E-C7D8-13C7-8484-4AC65E1B71E8}
		{741B4B1E-89E4-434C-8867-6129838AFD51} = {931686D9-D17E-429B-A796-4F5B3DB4A8CC}
		{3F81F76D-F0F3-44FE-A256-40AF153C33F7} = {931686D9-D17E-429B-A796-4F5B3DB4A8CC}
		{1DC4C439-A8A6-4A11-AB3B-A88DCBA05449} = {931686D9-D17E-429B-A796-4F5B3DB4A8CC}
		{6B3E56F7-C567-463C-9746-0244FD959322} = {931686D9-D17E-429B-A796-4F5B3DB4A8CC}
		{90BBD6EF-F386-4F47-88CD-BF386C7D1705} = {931686D9-D17E-429B-A796-4F5B3DB4A8CC}
		{4B8D3F73-BBD2-4057-B86B-8B73B957DC0F} = {931686D9-D17E-429B-A796-4F5B3DB4A8CC}
		{8FB8B257-C091-4C41-B221-75C37B68CD8F} = {931686D9-D17E-429B-A796-4F5B3DB4A8CC}
		{6E0E6284-13FF-4DC7-8FC2-B6D756EAF1FD} = {931686D9-D17E-429B-A796-4F5B3DB4A8CC}
		{7AE82BAB-5F52-427A-8F6F-DA829261FF9C} = {931686D9-D17E-429B-A796-4F5B3DB4A8CC}
		{6D0D985D-B256-4208-9E78-77897D461698} = {931686D9-D17E-429B-A796-4F5B3DB4A8CC}
		{03189140-BB10-937F-DF82-DCA8E63033E6} = {931686D9-D17E-429B-A796-4F5B3DB4A8CC}
		{778D1423-830B-428A-365D-CEF69620FD0E} = {3DD09DD1-E4CB-4D3D-B323-37311B35BF71}
		{BED45F4D-22FA-49BF-4834-A7D943893337} = {3DD09DD1-E4CB-4D3D-B323-37311B35BF71}
		{C90F54A6-D416-5A61-97A1-21D49999C094} = {3DD09DD1-E4CB-4D3D-B323-37311B35BF71}
		{05261165-F414-AC1E-00C5-BDFF922BC9B4} = {3DD09DD1-E4CB-4D3D-B323-37311B35BF71}
		{68E09EA8-917C-65D5-C675-2C575F419C7B} = {3DD09DD1-E4CB-4D3D-B323-37311B35BF71}
		{EC2B0466-F4E7-1FC7-12A9-7ED330EB68DE} = {3DD09DD1-E4CB-4D3D-B323-37311B35BF71}
		{CB0BDDCE-6B18-61EF-C74A-4AFB6ED41E29} = {3DD09DD1-E4CB-4D3D-B323-37311B35BF71}
		{52E91316-6F16-E921-119E-8695EC4F1A35} = {3DD09DD1-E4CB-4D3D-B323-37311B35BF71}
	EndGlobalSection
	GlobalSection(ExtensibilityGlobals) = postSolution
		SolutionGuid = {63D21C35-7C7C-41EF-B1AD-7DB2B228BC60}
	EndGlobalSection
	GlobalSection(SharedMSBuildProjectFiles) = preSolution
		Gumknix\Gumknix.Shared\Gumknix.Shared.projitems*{193f34c6-5a9e-4756-999d-a44d57971140}*SharedItemsImports = 5
		Gumknix\Gumknix.Shared\Gumknix.Shared.projitems*{2089673c-6162-4f99-a2cf-964a16c002b1}*SharedItemsImports = 13
	EndGlobalSection
EndGlobal
